// !$*UTF8*$!
{
	archiveVersion = 1;
	classes = {
	};
	objectVersion = 50;
	objects = {

/* Begin PBXBuildFile section */
		84A6C2042626237F00F35B5B /* AppDelegate.swift in Sources */ = {isa = PBXBuildFile; fileRef = 84A6C2032626237F00F35B5B /* AppDelegate.swift */; };
		84A6C2062626237F00F35B5B /* SceneDelegate.swift in Sources */ = {isa = PBXBuildFile; fileRef = 84A6C2052626237F00F35B5B /* SceneDelegate.swift */; };
		84A6C2082626237F00F35B5B /* ViewController.swift in Sources */ = {isa = PBXBuildFile; fileRef = 84A6C2072626237F00F35B5B /* ViewController.swift */; };
		84A6C20B2626237F00F35B5B /* Main.storyboard in Resources */ = {isa = PBXBuildFile; fileRef = 84A6C2092626237F00F35B5B /* Main.storyboard */; };
		84A6C20D2626238100F35B5B /* Assets.xcassets in Resources */ = {isa = PBXBuildFile; fileRef = 84A6C20C2626238100F35B5B /* Assets.xcassets */; };
		84A6C2102626238100F35B5B /* LaunchScreen.storyboard in Resources */ = {isa = PBXBuildFile; fileRef = 84A6C20E2626238100F35B5B /* LaunchScreen.storyboard */; };
		84A6C21B2626238100F35B5B /* FetchRewards1Tests.swift in Sources */ = {isa = PBXBuildFile; fileRef = 84A6C21A2626238100F35B5B /* FetchRewards1Tests.swift */; };
		84A6C2262626238100F35B5B /* FetchRewards1UITests.swift in Sources */ = {isa = PBXBuildFile; fileRef = 84A6C2252626238100F35B5B /* FetchRewards1UITests.swift */; };
		84A6C23A2627642E00F35B5B /* PlaceViewController.swift in Sources */ = {isa = PBXBuildFile; fileRef = 84A6C2392627642E00F35B5B /* PlaceViewController.swift */; };
		84A6C23F262769A300F35B5B /* EventsData.swift in Sources */ = {isa = PBXBuildFile; fileRef = 84A6C23E262769A300F35B5B /* EventsData.swift */; };
/* End PBXBuildFile section */

/* Begin PBXContainerItemProxy section */
		84A6C2172626238100F35B5B /* PBXContainerItemProxy */ = {
			isa = PBXContainerItemProxy;
			containerPortal = 84A6C1F82626237F00F35B5B /* Project object */;
			proxyType = 1;
			remoteGlobalIDString = 84A6C1FF2626237F00F35B5B;
			remoteInfo = FetchRewards1;
		};
		84A6C2222626238100F35B5B /* PBXContainerItemProxy */ = {
			isa = PBXContainerItemProxy;
			containerPortal = 84A6C1F82626237F00F35B5B /* Project object */;
			proxyType = 1;
			remoteGlobalIDString = 84A6C1FF2626237F00F35B5B;
			remoteInfo = FetchRewards1;
		};
/* End PBXContainerItemProxy section */

/* Begin PBXFileReference section */
		84A6C2002626237F00F35B5B /* FetchRewards1.app */ = {isa = PBXFileReference; explicitFileType = wrapper.application; includeInIndex = 0; path = FetchRewards1.app; sourceTree = BUILT_PRODUCTS_DIR; };
		84A6C2032626237F00F35B5B /* AppDelegate.swift */ = {isa = PBXFileReference; lastKnownFileType = sourcecode.swift; path = AppDelegate.swift; sourceTree = "<group>"; };
		84A6C2052626237F00F35B5B /* SceneDelegate.swift */ = {isa = PBXFileReference; lastKnownFileType = sourcecode.swift; path = SceneDelegate.swift; sourceTree = "<group>"; };
		84A6C2072626237F00F35B5B /* ViewController.swift */ = {isa = PBXFileReference; lastKnownFileType = sourcecode.swift; path = ViewController.swift; sourceTree = "<group>"; };
		84A6C20A2626237F00F35B5B /* Base */ = {isa = PBXFileReference; lastKnownFileType = file.storyboard; name = Base; path = Base.lproj/Main.storyboard; sourceTree = "<group>"; };
		84A6C20C2626238100F35B5B /* Assets.xcassets */ = {isa = PBXFileReference; lastKnownFileType = folder.assetcatalog; path = Assets.xcassets; sourceTree = "<group>"; };
		84A6C20F2626238100F35B5B /* Base */ = {isa = PBXFileReference; lastKnownFileType = file.storyboard; name = Base; path = Base.lproj/LaunchScreen.storyboard; sourceTree = "<group>"; };
		84A6C2112626238100F35B5B /* Info.plist */ = {isa = PBXFileReference; lastKnownFileType = text.plist.xml; path = Info.plist; sourceTree = "<group>"; };
		84A6C2162626238100F35B5B /* FetchRewards1Tests.xctest */ = {isa = PBXFileReference; explicitFileType = wrapper.cfbundle; includeInIndex = 0; path = FetchRewards1Tests.xctest; sourceTree = BUILT_PRODUCTS_DIR; };
		84A6C21A2626238100F35B5B /* FetchRewards1Tests.swift */ = {isa = PBXFileReference; lastKnownFileType = sourcecode.swift; path = FetchRewards1Tests.swift; sourceTree = "<group>"; };
		84A6C21C2626238100F35B5B /* Info.plist */ = {isa = PBXFileReference; lastKnownFileType = text.plist.xml; path = Info.plist; sourceTree = "<group>"; };
		84A6C2212626238100F35B5B /* FetchRewards1UITests.xctest */ = {isa = PBXFileReference; explicitFileType = wrapper.cfbundle; includeInIndex = 0; path = FetchRewards1UITests.xctest; sourceTree = BUILT_PRODUCTS_DIR; };
		84A6C2252626238100F35B5B /* FetchRewards1UITests.swift */ = {isa = PBXFileReference; lastKnownFileType = sourcecode.swift; path = FetchRewards1UITests.swift; sourceTree = "<group>"; };
		84A6C2272626238100F35B5B /* Info.plist */ = {isa = PBXFileReference; lastKnownFileType = text.plist.xml; path = Info.plist; sourceTree = "<group>"; };
		84A6C2392627642E00F35B5B /* PlaceViewController.swift */ = {isa = PBXFileReference; lastKnownFileType = sourcecode.swift; path = PlaceViewController.swift; sourceTree = "<group>"; };
		84A6C23E262769A300F35B5B /* EventsData.swift */ = {isa = PBXFileReference; lastKnownFileType = sourcecode.swift; path = EventsData.swift; sourceTree = "<group>"; };
/* End PBXFileReference section */

/* Begin PBXFrameworksBuildPhase section */
		84A6C1FD2626237F00F35B5B /* Frameworks */ = {
			isa = PBXFrameworksBuildPhase;
			buildActionMask = 2147483647;
			files = (
			);
			runOnlyForDeploymentPostprocessing = 0;
		};
		84A6C2132626238100F35B5B /* Frameworks */ = {
			isa = PBXFrameworksBuildPhase;
			buildActionMask = 2147483647;
			files = (
			);
			runOnlyForDeploymentPostprocessing = 0;
		};
		84A6C21E2626238100F35B5B /* Frameworks */ = {
			isa = PBXFrameworksBuildPhase;
			buildActionMask = 2147483647;
			files = (
			);
			runOnlyForDeploymentPostprocessing = 0;
		};
/* End PBXFrameworksBuildPhase section */

/* Begin PBXGroup section */
		8498FB092630C996009F204D /* Model */ = {
			isa = PBXGroup;
			children = (
				84A6C23E262769A300F35B5B /* EventsData.swift */,
			);
			path = Model;
			sourceTree = "<group>";
		};
		8498FB0A2630C99B009F204D /* View */ = {
			isa = PBXGroup;
			children = (
				84A6C2092626237F00F35B5B /* Main.storyboard */,
			);
			path = View;
			sourceTree = "<group>";
		};
		8498FB0B2630C99F009F204D /* Controller */ = {
			isa = PBXGroup;
			children = (
				84A6C2392627642E00F35B5B /* PlaceViewController.swift */,
				84A6C2072626237F00F35B5B /* ViewController.swift */,
			);
			path = Controller;
			sourceTree = "<group>";
		};
		84A6C1F72626237F00F35B5B = {
			isa = PBXGroup;
			children = (
				84A6C2022626237F00F35B5B /* FetchRewards1 */,
				84A6C2192626238100F35B5B /* FetchRewards1Tests */,
				84A6C2242626238100F35B5B /* FetchRewards1UITests */,
				84A6C2012626237F00F35B5B /* Products */,
			);
			sourceTree = "<group>";
		};
		84A6C2012626237F00F35B5B /* Products */ = {
			isa = PBXGroup;
			children = (
				84A6C2002626237F00F35B5B /* FetchRewards1.app */,
				84A6C2162626238100F35B5B /* FetchRewards1Tests.xctest */,
				84A6C2212626238100F35B5B /* FetchRewards1UITests.xctest */,
			);
			name = Products;
			sourceTree = "<group>";
		};
		84A6C2022626237F00F35B5B /* FetchRewards1 */ = {
			isa = PBXGroup;
			children = (
				8498FB092630C996009F204D /* Model */,
				8498FB0A2630C99B009F204D /* View */,
				8498FB0B2630C99F009F204D /* Controller */,
				84A6C2052626237F00F35B5B /* SceneDelegate.swift */,
				84A6C2032626237F00F35B5B /* AppDelegate.swift */,
				84A6C20C2626238100F35B5B /* Assets.xcassets */,
				84A6C20E2626238100F35B5B /* LaunchScreen.storyboard */,
				84A6C2112626238100F35B5B /* Info.plist */,
			);
			path = FetchRewards1;
			sourceTree = "<group>";
		};
		84A6C2192626238100F35B5B /* FetchRewards1Tests */ = {
			isa = PBXGroup;
			children = (
				84A6C21A2626238100F35B5B /* FetchRewards1Tests.swift */,
				84A6C21C2626238100F35B5B /* Info.plist */,
			);
			path = FetchRewards1Tests;
			sourceTree = "<group>";
		};
		84A6C2242626238100F35B5B /* FetchRewards1UITests */ = {
			isa = PBXGroup;
			children = (
				84A6C2252626238100F35B5B /* FetchRewards1UITests.swift */,
				84A6C2272626238100F35B5B /* Info.plist */,
			);
			path = FetchRewards1UITests;
			sourceTree = "<group>";
		};
/* End PBXGroup section */

/* Begin PBXNativeTarget section */
		84A6C1FF2626237F00F35B5B /* FetchRewards1 */ = {
			isa = PBXNativeTarget;
			buildConfigurationList = 84A6C22A2626238100F35B5B /* Build configuration list for PBXNativeTarget "FetchRewards1" */;
			buildPhases = (
				84A6C1FC2626237F00F35B5B /* Sources */,
				84A6C1FD2626237F00F35B5B /* Frameworks */,
				84A6C1FE2626237F00F35B5B /* Resources */,
			);
			buildRules = (
			);
			dependencies = (
			);
			name = FetchRewards1;
			productName = FetchRewards1;
			productReference = 84A6C2002626237F00F35B5B /* FetchRewards1.app */;
			productType = "com.apple.product-type.application";
		};
		84A6C2152626238100F35B5B /* FetchRewards1Tests */ = {
			isa = PBXNativeTarget;
			buildConfigurationList = 84A6C22D2626238100F35B5B /* Build configuration list for PBXNativeTarget "FetchRewards1Tests" */;
			buildPhases = (
				84A6C2122626238100F35B5B /* Sources */,
				84A6C2132626238100F35B5B /* Frameworks */,
				84A6C2142626238100F35B5B /* Resources */,
			);
			buildRules = (
			);
			dependencies = (
				84A6C2182626238100F35B5B /* PBXTargetDependency */,
			);
			name = FetchRewards1Tests;
			productName = FetchRewards1Tests;
			productReference = 84A6C2162626238100F35B5B /* FetchRewards1Tests.xctest */;
			productType = "com.apple.product-type.bundle.unit-test";
		};
		84A6C2202626238100F35B5B /* FetchRewards1UITests */ = {
			isa = PBXNativeTarget;
			buildConfigurationList = 84A6C2302626238100F35B5B /* Build configuration list for PBXNativeTarget "FetchRewards1UITests" */;
			buildPhases = (
				84A6C21D2626238100F35B5B /* Sources */,
				84A6C21E2626238100F35B5B /* Frameworks */,
				84A6C21F2626238100F35B5B /* Resources */,
			);
			buildRules = (
			);
			dependencies = (
				84A6C2232626238100F35B5B /* PBXTargetDependency */,
			);
			name = FetchRewards1UITests;
			productName = FetchRewards1UITests;
			productReference = 84A6C2212626238100F35B5B /* FetchRewards1UITests.xctest */;
			productType = "com.apple.product-type.bundle.ui-testing";
		};
/* End PBXNativeTarget section */

/* Begin PBXProject section */
		84A6C1F82626237F00F35B5B /* Project object */ = {
			isa = PBXProject;
			attributes = {
				LastSwiftUpdateCheck = 1240;
				LastUpgradeCheck = 1240;
				TargetAttributes = {
					84A6C1FF2626237F00F35B5B = {
						CreatedOnToolsVersion = 12.4;
					};
					84A6C2152626238100F35B5B = {
						CreatedOnToolsVersion = 12.4;
						TestTargetID = 84A6C1FF2626237F00F35B5B;
					};
					84A6C2202626238100F35B5B = {
						CreatedOnToolsVersion = 12.4;
						TestTargetID = 84A6C1FF2626237F00F35B5B;
					};
				};
			};
			buildConfigurationList = 84A6C1FB2626237F00F35B5B /* Build configuration list for PBXProject "FetchRewards1" */;
			compatibilityVersion = "Xcode 9.3";
			developmentRegion = en;
			hasScannedForEncodings = 0;
			knownRegions = (
				en,
				Base,
			);
			mainGroup = 84A6C1F72626237F00F35B5B;
			productRefGroup = 84A6C2012626237F00F35B5B /* Products */;
			projectDirPath = "";
			projectRoot = "";
			targets = (
				84A6C1FF2626237F00F35B5B /* FetchRewards1 */,
				84A6C2152626238100F35B5B /* FetchRewards1Tests */,
				84A6C2202626238100F35B5B /* FetchRewards1UITests */,
			);
		};
/* End PBXProject section */

/* Begin PBXResourcesBuildPhase section */
		84A6C1FE2626237F00F35B5B /* Resources */ = {
			isa = PBXResourcesBuildPhase;
			buildActionMask = 2147483647;
			files = (
				84A6C2102626238100F35B5B /* LaunchScreen.storyboard in Resources */,
				84A6C20D2626238100F35B5B /* Assets.xcassets in Resources */,
				84A6C20B2626237F00F35B5B /* Main.storyboard in Resources */,
			);
			runOnlyForDeploymentPostprocessing = 0;
		};
		84A6C2142626238100F35B5B /* Resources */ = {
			isa = PBXResourcesBuildPhase;
			buildActionMask = 2147483647;
			files = (
			);
			runOnlyForDeploymentPostprocessing = 0;
		};
		84A6C21F2626238100F35B5B /* Resources */ = {
			isa = PBXResourcesBuildPhase;
			buildActionMask = 2147483647;
			files = (
			);
			runOnlyForDeploymentPostprocessing = 0;
		};
/* End PBXResourcesBuildPhase section */

/* Begin PBXSourcesBuildPhase section */
		84A6C1FC2626237F00F35B5B /* Sources */ = {
			isa = PBXSourcesBuildPhase;
			buildActionMask = 2147483647;
			files = (
				84A6C23A2627642E00F35B5B /* PlaceViewController.swift in Sources */,
				84A6C2082626237F00F35B5B /* ViewController.swift in Sources */,
				84A6C2042626237F00F35B5B /* AppDelegate.swift in Sources */,
				84A6C2062626237F00F35B5B /* SceneDelegate.swift in Sources */,
				84A6C23F262769A300F35B5B /* EventsData.swift in Sources */,
			);
			runOnlyForDeploymentPostprocessing = 0;
		};
		84A6C2122626238100F35B5B /* Sources */ = {
			isa = PBXSourcesBuildPhase;
			buildActionMask = 2147483647;
			files = (
				84A6C21B2626238100F35B5B /* FetchRewards1Tests.swift in Sources */,
			);
			runOnlyForDeploymentPostprocessing = 0;
		};
		84A6C21D2626238100F35B5B /* Sources */ = {
			isa = PBXSourcesBuildPhase;
			buildActionMask = 2147483647;
			files = (
				84A6C2262626238100F35B5B /* FetchRewards1UITests.swift in Sources */,
			);
			runOnlyForDeploymentPostprocessing = 0;
		};
/* End PBXSourcesBuildPhase section */

/* Begin PBXTargetDependency section */
		84A6C2182626238100F35B5B /* PBXTargetDependency */ = {
			isa = PBXTargetDependency;
			target = 84A6C1FF2626237F00F35B5B /* FetchRewards1 */;
			targetProxy = 84A6C2172626238100F35B5B /* PBXContainerItemProxy */;
		};
		84A6C2232626238100F35B5B /* PBXTargetDependency */ = {
			isa = PBXTargetDependency;
			target = 84A6C1FF2626237F00F35B5B /* FetchRewards1 */;
			targetProxy = 84A6C2222626238100F35B5B /* PBXContainerItemProxy */;
		};
/* End PBXTargetDependency section */

/* Begin PBXVariantGroup section */
		84A6C2092626237F00F35B5B /* Main.storyboard */ = {
			isa = PBXVariantGroup;
			children = (
				84A6C20A2626237F00F35B5B /* Base */,
			);
			name = Main.storyboard;
			sourceTree = "<group>";
		};
		84A6C20E2626238100F35B5B /* LaunchScreen.storyboard */ = {
			isa = PBXVariantGroup;
			children = (
				84A6C20F2626238100F35B5B /* Base */,
			);
			name = LaunchScreen.storyboard;
			sourceTree = "<group>";
		};
/* End PBXVariantGroup section */

/* Begin XCBuildConfiguration section */
		84A6C2282626238100F35B5B /* Debug */ = {
			isa = XCBuildConfiguration;
			buildSettings = {
				ALWAYS_SEARCH_USER_PATHS = NO;
				CLANG_ANALYZER_NONNULL = YES;
				CLANG_ANALYZER_NUMBER_OBJECT_CONVERSION = YES_AGGRESSIVE;
				CLANG_CXX_LANGUAGE_STANDARD = "gnu++14";
				CLANG_CXX_LIBRARY = "libc++";
				CLANG_ENABLE_MODULES = YES;
				CLANG_ENABLE_OBJC_ARC = YES;
				CLANG_ENABLE_OBJC_WEAK = YES;
				CLANG_WARN_BLOCK_CAPTURE_AUTORELEASING = YES;
				CLANG_WARN_BOOL_CONVERSION = YES;
				CLANG_WARN_COMMA = YES;
				CLANG_WARN_CONSTANT_CONVERSION = YES;
				CLANG_WARN_DEPRECATED_OBJC_IMPLEMENTATIONS = YES;
				CLANG_WARN_DIRECT_OBJC_ISA_USAGE = YES_ERROR;
				CLANG_WARN_DOCUMENTATION_COMMENTS = YES;
				CLANG_WARN_EMPTY_BODY = YES;
				CLANG_WARN_ENUM_CONVERSION = YES;
				CLANG_WARN_INFINITE_RECURSION = YES;
				CLANG_WARN_INT_CONVERSION = YES;
				CLANG_WARN_NON_LITERAL_NULL_CONVERSION = YES;
				CLANG_WARN_OBJC_IMPLICIT_RETAIN_SELF = YES;
				CLANG_WARN_OBJC_LITERAL_CONVERSION = YES;
				CLANG_WARN_OBJC_ROOT_CLASS = YES_ERROR;
				CLANG_WARN_QUOTED_INCLUDE_IN_FRAMEWORK_HEADER = YES;
				CLANG_WARN_RANGE_LOOP_ANALYSIS = YES;
				CLANG_WARN_STRICT_PROTOTYPES = YES;
				CLANG_WARN_SUSPICIOUS_MOVE = YES;
				CLANG_WARN_UNGUARDED_AVAILABILITY = YES_AGGRESSIVE;
				CLANG_WARN_UNREACHABLE_CODE = YES;
				CLANG_WARN__DUPLICATE_METHOD_MATCH = YES;
				COPY_PHASE_STRIP = NO;
				DEBUG_INFORMATION_FORMAT = dwarf;
				ENABLE_STRICT_OBJC_MSGSEND = YES;
				ENABLE_TESTABILITY = YES;
				GCC_C_LANGUAGE_STANDARD = gnu11;
				GCC_DYNAMIC_NO_PIC = NO;
				GCC_NO_COMMON_BLOCKS = YES;
				GCC_OPTIMIZATION_LEVEL = 0;
				GCC_PREPROCESSOR_DEFINITIONS = (
					"DEBUG=1",
					"$(inherited)",
				);
				GCC_WARN_64_TO_32_BIT_CONVERSION = YES;
				GCC_WARN_ABOUT_RETURN_TYPE = YES_ERROR;
				GCC_WARN_UNDECLARED_SELECTOR = YES;
				GCC_WARN_UNINITIALIZED_AUTOS = YES_AGGRESSIVE;
				GCC_WARN_UNUSED_FUNCTION = YES;
				GCC_WARN_UNUSED_VARIABLE = YES;
				IPHONEOS_DEPLOYMENT_TARGET = 14.4;
				MTL_ENABLE_DEBUG_INFO = INCLUDE_SOURCE;
				MTL_FAST_MATH = YES;
				ONLY_ACTIVE_ARCH = YES;
				SDKROOT = iphoneos;
				SWIFT_ACTIVE_COMPILATION_CONDITIONS = DEBUG;
				SWIFT_OPTIMIZATION_LEVEL = "-Onone";
			};
			name = Debug;
		};
		84A6C2292626238100F35B5B /* Release */ = {
			isa = XCBuildConfiguration;
			buildSettings = {
				ALWAYS_SEARCH_USER_PATHS = NO;
				CLANG_ANALYZER_NONNULL = YES;
				CLANG_ANALYZER_NUMBER_OBJECT_CONVERSION = YES_AGGRESSIVE;
				CLANG_CXX_LANGUAGE_STANDARD = "gnu++14";
				CLANG_CXX_LIBRARY = "libc++";
				CLANG_ENABLE_MODULES = YES;
				CLANG_ENABLE_OBJC_ARC = YES;
				CLANG_ENABLE_OBJC_WEAK = YES;
				CLANG_WARN_BLOCK_CAPTURE_AUTORELEASING = YES;
				CLANG_WARN_BOOL_CONVERSION = YES;
				CLANG_WARN_COMMA = YES;
				CLANG_WARN_CONSTANT_CONVERSION = YES;
				CLANG_WARN_DEPRECATED_OBJC_IMPLEMENTATIONS = YES;
				CLANG_WARN_DIRECT_OBJC_ISA_USAGE = YES_ERROR;
				CLANG_WARN_DOCUMENTATION_COMMENTS = YES;
				CLANG_WARN_EMPTY_BODY = YES;
				CLANG_WARN_ENUM_CONVERSION = YES;
				CLANG_WARN_INFINITE_RECURSION = YES;
				CLANG_WARN_INT_CONVERSION = YES;
				CLANG_WARN_NON_LITERAL_NULL_CONVERSION = YES;
				CLANG_WARN_OBJC_IMPLICIT_RETAIN_SELF = YES;
				CLANG_WARN_OBJC_LITERAL_CONVERSION = YES;
				CLANG_WARN_OBJC_ROOT_CLASS = YES_ERROR;
				CLANG_WARN_QUOTED_INCLUDE_IN_FRAMEWORK_HEADER = YES;
				CLANG_WARN_RANGE_LOOP_ANALYSIS = YES;
				CLANG_WARN_STRICT_PROTOTYPES = YES;
				CLANG_WARN_SUSPICIOUS_MOVE = YES;
				CLANG_WARN_UNGUARDED_AVAILABILITY = YES_AGGRESSIVE;
				CLANG_WARN_UNREACHABLE_CODE = YES;
				CLANG_WARN__DUPLICATE_METHOD_MATCH = YES;
				COPY_PHASE_STRIP = NO;
				DEBUG_INFORMATION_FORMAT = "dwarf-with-dsym";
				ENABLE_NS_ASSERTIONS = NO;
				ENABLE_STRICT_OBJC_MSGSEND = YES;
				GCC_C_LANGUAGE_STANDARD = gnu11;
				GCC_NO_COMMON_BLOCKS = YES;
				GCC_WARN_64_TO_32_BIT_CONVERSION = YES;
				GCC_WARN_ABOUT_RETURN_TYPE = YES_ERROR;
				GCC_WARN_UNDECLARED_SELECTOR = YES;
				GCC_WARN_UNINITIALIZED_AUTOS = YES_AGGRESSIVE;
				GCC_WARN_UNUSED_FUNCTION = YES;
				GCC_WARN_UNUSED_VARIABLE = YES;
				IPHONEOS_DEPLOYMENT_TARGET = 14.4;
				MTL_ENABLE_DEBUG_INFO = NO;
				MTL_FAST_MATH = YES;
				SDKROOT = iphoneos;
				SWIFT_COMPILATION_MODE = wholemodule;
				SWIFT_OPTIMIZATION_LEVEL = "-O";
				VALIDATE_PRODUCT = YES;
			};
			name = Release;
		};
		84A6C22B2626238100F35B5B /* Debug */ = {
			isa = XCBuildConfiguration;
			buildSettings = {
				ASSETCATALOG_COMPILER_APPICON_NAME = AppIcon;
				ASSETCATALOG_COMPILER_GLOBAL_ACCENT_COLOR_NAME = AccentColor;
				CODE_SIGN_STYLE = Automatic;
				INFOPLIST_FILE = FetchRewards1/Info.plist;
				LD_RUNPATH_SEARCH_PATHS = (
					"$(inherited)",
					"@executable_path/Frameworks",
				);
				PRODUCT_BUNDLE_IDENTIFIER = com.pandey.FetchRewards1;
				PRODUCT_NAME = "$(TARGET_NAME)";
				SWIFT_VERSION = 5.0;
				TARGETED_DEVICE_FAMILY = "1,2";
			};
			name = Debug;
		};
		84A6C22C2626238100F35B5B /* Release */ = {
			isa = XCBuildConfiguration;
			buildSettings = {
				ASSETCATALOG_COMPILER_APPICON_NAME = AppIcon;
				ASSETCATALOG_COMPILER_GLOBAL_ACCENT_COLOR_NAME = AccentColor;
				CODE_SIGN_STYLE = Automatic;
				INFOPLIST_FILE = FetchRewards1/Info.plist;
				LD_RUNPATH_SEARCH_PATHS = (
					"$(inherited)",
					"@executable_path/Frameworks",
				);
				PRODUCT_BUNDLE_IDENTIFIER = com.pandey.FetchRewards1;
				PRODUCT_NAME = "$(TARGET_NAME)";
				SWIFT_VERSION = 5.0;
				TARGETED_DEVICE_FAMILY = "1,2";
			};
			name = Release;
		};
		84A6C22E2626238100F35B5B /* Debug */ = {
			isa = XCBuildConfiguration;
			buildSettings = {
				ALWAYS_EMBED_SWIFT_STANDARD_LIBRARIES = YES;
				BUNDLE_LOADER = "$(TEST_HOST)";
				CODE_SIGN_STYLE = Automatic;
				INFOPLIST_FILE = FetchRewards1Tests/Info.plist;
				IPHONEOS_DEPLOYMENT_TARGET = 14.4;
				LD_RUNPATH_SEARCH_PATHS = (
					"$(inherited)",
					"@executable_path/Frameworks",
					"@loader_path/Frameworks",
				);
				PRODUCT_BUNDLE_IDENTIFIER = com.pandey.FetchRewards1Tests;
				PRODUCT_NAME = "$(TARGET_NAME)";
				SWIFT_VERSION = 5.0;
				TARGETED_DEVICE_FAMILY = "1,2";
				TEST_HOST = "$(BUILT_PRODUCTS_DIR)/FetchRewards1.app/FetchRewards1";
			};
			name = Debug;
		};
		84A6C22F2626238100F35B5B /* Release */ = {
			isa = XCBuildConfiguration;
			buildSettings = {
				ALWAYS_EMBED_SWIFT_STANDARD_LIBRARIES = YES;
				BUNDLE_LOADER = "$(TEST_HOST)";
				CODE_SIGN_STYLE = Automatic;
				INFOPLIST_FILE = FetchRewards1Tests/Info.plist;
				IPHONEOS_DEPLOYMENT_TARGET = 14.4;
				LD_RUNPATH_SEARCH_PATHS = (
					"$(inherited)",
					"@executable_path/Frameworks",
					"@loader_path/Frameworks",
				);
				PRODUCT_BUNDLE_IDENTIFIER = com.pandey.FetchRewards1Tests;
				PRODUCT_NAME = "$(TARGET_NAME)";
				SWIFT_VERSION = 5.0;
				TARGETED_DEVICE_FAMILY = "1,2";
				TEST_HOST = "$(BUILT_PRODUCTS_DIR)/FetchRewards1.app/FetchRewards1";
			};
			name = Release;
		};
		84A6C2312626238100F35B5B /* Debug */ = {
			isa = XCBuildConfiguration;
			buildSettings = {
				ALWAYS_EMBED_SWIFT_STANDARD_LIBRARIES = YES;
				CODE_SIGN_STYLE = Automatic;
				INFOPLIST_FILE = FetchRewards1UITests/Info.plist;
				LD_RUNPATH_SEARCH_PATHS = (
					"$(inherited)",
					"@executable_path/Frameworks",
					"@loader_path/Frameworks",
				);
				PRODUCT_BUNDLE_IDENTIFIER = com.pandey.FetchRewards1UITests;
				PRODUCT_NAME = "$(TARGET_NAME)";
				SWIFT_VERSION = 5.0;
				TARGETED_DEVICE_FAMILY = "1,2";
				TEST_TARGET_NAME = FetchRewards1;
			};
			name = Debug;
		};
		84A6C2322626238100F35B5B /* Release */ = {
			isa = XCBuildConfiguration;
			buildSettings = {
				ALWAYS_EMBED_SWIFT_STANDARD_LIBRARIES = YES;
				CODE_SIGN_STYLE = Automatic;
				INFOPLIST_FILE = FetchRewards1UITests/Info.plist;
				LD_RUNPATH_SEARCH_PATHS = (
					"$(inherited)",
					"@executable_path/Frameworks",
					"@loader_path/Frameworks",
				);
				PRODUCT_BUNDLE_IDENTIFIER = com.pandey.FetchRewards1UITests;
				PRODUCT_NAME = "$(TARGET_NAME)";
				SWIFT_VERSION = 5.0;
				TARGETED_DEVICE_FAMILY = "1,2";
				TEST_TARGET_NAME = FetchRewards1;
			};
			name = Release;
		};
/* End XCBuildConfiguration section */

/* Begin XCConfigurationList section */
		84A6C1FB2626237F00F35B5B /* Build configuration list for PBXProject "FetchRewards1" */ = {
			isa = XCConfigurationList;
			buildConfigurations = (
				84A6C2282626238100F35B5B /* Debug */,
				84A6C2292626238100F35B5B /* Release */,
			);
			defaultConfigurationIsVisible = 0;
			defaultConfigurationName = Release;
		};
		84A6C22A2626238100F35B5B /* Build configuration list for PBXNativeTarget "FetchRewards1" */ = {
			isa = XCConfigurationList;
			buildConfigurations = (
				84A6C22B2626238100F35B5B /* Debug */,
				84A6C22C2626238100F35B5B /* Release */,
			);
			defaultConfigurationIsVisible = 0;
			defaultConfigurationName = Release;
		};
		84A6C22D2626238100F35B5B /* Build configuration list for PBXNativeTarget "FetchRewards1Tests" */ = {
			isa = XCConfigurationList;
			buildConfigurations = (
				84A6C22E2626238100F35B5B /* Debug */,
				84A6C22F2626238100F35B5B /* Release */,
			);
			defaultConfigurationIsVisible = 0;
			defaultConfigurationName = Release;
		};
		84A6C2302626238100F35B5B /* Build configuration list for PBXNativeTarget "FetchRewards1UITests" */ = {
			isa = XCConfigurationList;
			buildConfigurations = (
				84A6C2312626238100F35B5B /* Debug */,
				84A6C2322626238100F35B5B /* Release */,
			);
			defaultConfigurationIsVisible = 0;
			defaultConfigurationName = Release;
		};
/* End XCConfigurationList section */
	};
	rootObject = 84A6C1F82626237F00F35B5B /* Project object */;
}
